PODS:
  - Bolts (1.9.0):
    - Bolts/AppLinks (= 1.9.0)
    - Bolts/Tasks (= 1.9.0)
  - Bolts/AppLinks (1.9.0):
    - Bolts/Tasks
  - Bolts/Tasks (1.9.0)
  - FBSDKCoreKit (4.34.0):
    - Bolts (~> 1.7)
  - FBSDKLoginKit (4.34.0):
    - FBSDKCoreKit
  - FBSDKShareKit (4.34.0):
    - FBSDKCoreKit (~> 4.34.0)
  - Firebase/Auth (5.4.1):
    - Firebase/CoreOnly
    - FirebaseAuth (= 5.0.2)
  - Firebase/Core (5.4.1):
    - Firebase/CoreOnly
    - FirebaseAnalytics (= 5.0.1)
  - Firebase/CoreOnly (5.4.1):
    - FirebaseCore (= 5.0.6)
  - Firebase/Database (5.4.1):
    - Firebase/CoreOnly
    - FirebaseDatabase (= 5.0.2)
  - Firebase/Messaging (5.4.1):
    - Firebase/CoreOnly
    - FirebaseMessaging (= 3.0.3)
  - Firebase/Storage (5.4.1):
    - Firebase/CoreOnly
    - FirebaseStorage (= 3.0.0)
  - FirebaseAnalytics (5.0.1):
    - FirebaseCore (~> 5.0)
    - FirebaseInstanceID (~> 3.0)
    - "GoogleToolboxForMac/NSData+zlib (~> 2.1)"
    - nanopb (~> 0.3)
  - FirebaseAuth (5.0.2):
    - FirebaseCore (~> 5.0)
    - GTMSessionFetcher/Core (~> 1.1)
  - FirebaseCore (5.0.6):
    - "GoogleToolboxForMac/NSData+zlib (~> 2.1)"
  - FirebaseDatabase (5.0.2):
    - FirebaseCore (~> 5.0)
    - leveldb-library (~> 1.18)
  - FirebaseInstanceID (3.1.1):
    - FirebaseCore (~> 5.0)
  - FirebaseMessaging (3.0.3):
    - FirebaseCore (~> 5.0)
    - FirebaseInstanceID (~> 3.0)
    - GoogleToolboxForMac/Logger (~> 2.1)
    - Protobuf (~> 3.1)
  - FirebaseStorage (3.0.0):
    - FirebaseCore (~> 5.0)
    - GTMSessionFetcher/Core (~> 1.1)
  - FirebaseUI/Storage (6.2.1):
    - Firebase/Storage (~> 5.0)
    - SDWebImage (~> 4.0)
  - Gallery (2.0.6)
  - GoogleToolboxForMac/Defines (2.1.4)
  - GoogleToolboxForMac/Logger (2.1.4):
    - GoogleToolboxForMac/Defines (= 2.1.4)
  - "GoogleToolboxForMac/NSData+zlib (2.1.4)":
    - GoogleToolboxForMac/Defines (= 2.1.4)
  - GTMSessionFetcher/Core (1.1.15)
  - leveldb-library (1.20)
  - nanopb (0.3.8):
    - nanopb/decode (= 0.3.8)
    - nanopb/encode (= 0.3.8)
  - nanopb/decode (0.3.8)
  - nanopb/encode (0.3.8)
  - Protobuf (3.6.0)
  - SDWebImage (4.4.7):
    - SDWebImage/Core (= 4.4.7)
  - SDWebImage/Core (4.4.7)
  - SKPhotoBrowser (5.1.0)
  - STKWebKitViewController (0.5.0)
  - Stripe (13.2.0)
  - TwitterCore (3.2.0)
  - TwitterKit (3.4.0):
    - TwitterCore (>= 3.1.0)
  - VerticalProgressView (1.0.5)

DEPENDENCIES:
  - FBSDKCoreKit
  - FBSDKLoginKit
  - FBSDKShareKit
  - Firebase/Auth
  - Firebase/Core
  - Firebase/Database
  - Firebase/Messaging
  - Firebase/Storage
  - FirebaseUI/Storage
  - Gallery
  - SDWebImage
  - SKPhotoBrowser
  - STKWebKitViewController
  - Stripe
  - TwitterKit
  - VerticalProgressView

SPEC REPOS:
  https://github.com/CocoaPods/Specs.git:
    - Bolts
    - FBSDKCoreKit
    - FBSDKLoginKit
    - FBSDKShareKit
    - Firebase
    - FirebaseAnalytics
    - FirebaseAuth
    - FirebaseCore
    - FirebaseDatabase
    - FirebaseInstanceID
    - FirebaseMessaging
    - FirebaseStorage
    - FirebaseUI
    - Gallery
    - GoogleToolboxForMac
    - GTMSessionFetcher
    - leveldb-library
    - nanopb
    - Protobuf
    - SDWebImage
    - SKPhotoBrowser
    - STKWebKitViewController
    - Stripe
    - TwitterCore
    - TwitterKit
    - VerticalProgressView

SPEC CHECKSUMS:
  Bolts: ac6567323eac61e203f6a9763667d0f711be34c8
  FBSDKCoreKit: 0ff57f093b85c8c9d5aba697d3edf68a8960ce78
  FBSDKLoginKit: 8c78f57a145afb756e4755e69195ebe08a42466e
  FBSDKShareKit: 511d1dfc71204c0a8d69e6c5e3c964dcf0d4f3d9
  Firebase: 355bd535bfdacaa82a7fe8d9784115edefd6fc03
  FirebaseAnalytics: b3628aea54c50464c32c393fb2ea032566e7ecc2
  FirebaseAuth: 096e457cdd4274412a66c4a35874787e411f5a03
  FirebaseCore: 4c28e3b9708ba48a765e76515f913a71596eb5dd
  FirebaseDatabase: 27be5ac5bc75e0b17537b2bbfada8258addcc8cd
  FirebaseInstanceID: f3f0657372592ecdfdfe2cac604a5a75758376a6
  FirebaseMessaging: f43eb0c0e1da096e659de6f713038e74862a62cd
  FirebaseStorage: 7ca4bb7b58a25fa647b04f524033fc7cb7eb272b
  FirebaseUI: c9e227a7d44e2e422a461cb3f4ead8dc5c7326e6
  Gallery: 5489ae11d8010a3cc163030f6e92d618afbdf4df
  GoogleToolboxForMac: 91c824d21e85b31c2aae9bb011c5027c9b4e738f
  GTMSessionFetcher: 5fa5b80fd20e439ef5f545fb2cb3ca6c6714caa2
  leveldb-library: 08cba283675b7ed2d99629a4bc5fd052cd2bb6a5
  nanopb: 5601e6bca2dbf1ed831b519092ec110f66982ca3
  Protobuf: 0fc0ad8bec688b2a3017a139953e01374fedbd5f
  SDWebImage: c10d14a8883ebd89664f02a422006f66a85c0c5d
  SKPhotoBrowser: c20c1da34d737b4e3e101feead6c8dd92ebf860a
  STKWebKitViewController: 1371f39e5f697de11aa091064eeed6eb515a2511
  Stripe: 2c69e216061d54d9c538204bb4f58bd597ddfc5b
  TwitterCore: 8cbc9ad34d91c63a0035ea05bfbfc0d7ca72a28c
  TwitterKit: bc7bd086b9b724a1d888745a054e1d0b1ecc4f3f
  VerticalProgressView: 830bee7635a0f426576b3c5db55c1c31cb5ba23a

PODFILE CHECKSUM: a50bd44d551cc441a8d9a7dfd938e8c87f72a453

COCOAPODS: 1.9.1
